// !$*UTF8*$!
{
	archiveVersion = 1;
	classes = {
	};
	objectVersion = 46;
	objects = {

/* Begin PBXBuildFile section */
		00C302E51ABCBA2D00DB3ED1 /* libRCTActionSheet.a in Frameworks */ = {isa = PBXBuildFile; fileRef = 00C302AC1ABCB8CE00DB3ED1 /* libRCTActionSheet.a */; };
		00C302E71ABCBA2D00DB3ED1 /* libRCTGeolocation.a in Frameworks */ = {isa = PBXBuildFile; fileRef = 00C302BA1ABCB90400DB3ED1 /* libRCTGeolocation.a */; };
		00C302E81ABCBA2D00DB3ED1 /* libRCTImage.a in Frameworks */ = {isa = PBXBuildFile; fileRef = 00C302C01ABCB91800DB3ED1 /* libRCTImage.a */; };
		00C302E91ABCBA2D00DB3ED1 /* libRCTNetwork.a in Frameworks */ = {isa = PBXBuildFile; fileRef = 00C302DC1ABCB9D200DB3ED1 /* libRCTNetwork.a */; };
		00C302EA1ABCBA2D00DB3ED1 /* libRCTVibration.a in Frameworks */ = {isa = PBXBuildFile; fileRef = 00C302E41ABCB9EE00DB3ED1 /* libRCTVibration.a */; };
		133E29F31AD74F7200F7D852 /* libRCTLinking.a in Frameworks */ = {isa = PBXBuildFile; fileRef = 78C398B91ACF4ADC00677621 /* libRCTLinking.a */; };
		139105C61AF99C1200B5F7CC /* libRCTSettings.a in Frameworks */ = {isa = PBXBuildFile; fileRef = 139105C11AF99BAD00B5F7CC /* libRCTSettings.a */; };
		139FDEF61B0652A700C62182 /* libRCTWebSocket.a in Frameworks */ = {isa = PBXBuildFile; fileRef = 139FDEF41B06529B00C62182 /* libRCTWebSocket.a */; };
		13B07FBC1A68108700A75B9A /* AppDelegate.m in Sources */ = {isa = PBXBuildFile; fileRef = 13B07FB01A68108700A75B9A /* AppDelegate.m */; };
		13B07FBD1A68108700A75B9A /* LaunchScreen.xib in Resources */ = {isa = PBXBuildFile; fileRef = 13B07FB11A68108700A75B9A /* LaunchScreen.xib */; };
		13B07FBF1A68108700A75B9A /* Images.xcassets in Resources */ = {isa = PBXBuildFile; fileRef = 13B07FB51A68108700A75B9A /* Images.xcassets */; };
		13B07FC11A68108700A75B9A /* main.m in Sources */ = {isa = PBXBuildFile; fileRef = 13B07FB71A68108700A75B9A /* main.m */; };
		146834051AC3E58100842450 /* libReact.a in Frameworks */ = {isa = PBXBuildFile; fileRef = 146834041AC3E56700842450 /* libReact.a */; };
		28676361B016DC4EB4383BD6 /* libPods-sproutli.a in Frameworks */ = {isa = PBXBuildFile; fileRef = 29C1FF3F60BE1503FE8C33A9 /* libPods-sproutli.a */; };
		832341BD1AAA6AB300B99B32 /* libRCTText.a in Frameworks */ = {isa = PBXBuildFile; fileRef = 832341B51AAA6A8300B99B32 /* libRCTText.a */; };
		C30968131C8E76B00053122A /* ImageUploaderTest.m in Sources */ = {isa = PBXBuildFile; fileRef = C30968121C8E76B00053122A /* ImageUploaderTest.m */; };
		C331A73A1C8EE17600C68AA9 /* SproutliUITests.swift in Sources */ = {isa = PBXBuildFile; fileRef = C331A7391C8EE17600C68AA9 /* SproutliUITests.swift */; };
		C331A7671C8FBB9E00C68AA9 /* CrashlyticsReporter.m in Sources */ = {isa = PBXBuildFile; fileRef = C331A7661C8FBB9E00C68AA9 /* CrashlyticsReporter.m */; };
		C331A7C41C8FF68200C68AA9 /* AnswersReporter.m in Sources */ = {isa = PBXBuildFile; fileRef = C331A7C31C8FF68200C68AA9 /* AnswersReporter.m */; };
		C33F3AB11BDA0D2700FF4218 /* IntercomWrapper.m in Sources */ = {isa = PBXBuildFile; fileRef = C33F3AB01BDA0D2700FF4218 /* IntercomWrapper.m */; };
		C34DABDB1BD7341900EB08C8 /* libBVLinearGradient.a in Frameworks */ = {isa = PBXBuildFile; fileRef = C34DABDA1BD7341000EB08C8 /* libBVLinearGradient.a */; };
		C34DABE21BD751B100EB08C8 /* libRNSearchBar.a in Frameworks */ = {isa = PBXBuildFile; fileRef = C34DABE11BD751AC00EB08C8 /* libRNSearchBar.a */; };
		C34DABEA1BD7824500EB08C8 /* RNGeocoder.m in Sources */ = {isa = PBXBuildFile; fileRef = C34DABE91BD7824500EB08C8 /* RNGeocoder.m */; };
		C3642CAA1BF95B45007FC821 /* main.jsbundle in Resources */ = {isa = PBXBuildFile; fileRef = C3642CA91BF95B45007FC821 /* main.jsbundle */; };
		C371A2FC1BCF0D4C00589DFD /* libRNVectorIcons.a in Frameworks */ = {isa = PBXBuildFile; fileRef = C371A2FB1BCF0D4000589DFD /* libRNVectorIcons.a */; };
		C371A3061BCF2D4700589DFD /* Entypo.ttf in Resources */ = {isa = PBXBuildFile; fileRef = C371A2FE1BCF2D4700589DFD /* Entypo.ttf */; };
		C371A3071BCF2D4700589DFD /* EvilIcons.ttf in Resources */ = {isa = PBXBuildFile; fileRef = C371A2FF1BCF2D4700589DFD /* EvilIcons.ttf */; };
		C371A3081BCF2D4700589DFD /* FontAwesome.ttf in Resources */ = {isa = PBXBuildFile; fileRef = C371A3001BCF2D4700589DFD /* FontAwesome.ttf */; };
		C371A3091BCF2D4700589DFD /* Foundation.ttf in Resources */ = {isa = PBXBuildFile; fileRef = C371A3011BCF2D4700589DFD /* Foundation.ttf */; };
		C371A30A1BCF2D4700589DFD /* Ionicons.ttf in Resources */ = {isa = PBXBuildFile; fileRef = C371A3021BCF2D4700589DFD /* Ionicons.ttf */; };
		C371A30B1BCF2D4700589DFD /* MaterialIcons.ttf in Resources */ = {isa = PBXBuildFile; fileRef = C371A3031BCF2D4700589DFD /* MaterialIcons.ttf */; };
		C371A30C1BCF2D4700589DFD /* Octicons.ttf in Resources */ = {isa = PBXBuildFile; fileRef = C371A3041BCF2D4700589DFD /* Octicons.ttf */; };
		C371A30D1BCF2D4700589DFD /* Zocial.ttf in Resources */ = {isa = PBXBuildFile; fileRef = C371A3051BCF2D4700589DFD /* Zocial.ttf */; };
		C395293D1C91AB3400EE1AD6 /* libRNImagePicker.a in Frameworks */ = {isa = PBXBuildFile; fileRef = C395293C1C91A9F000EE1AD6 /* libRNImagePicker.a */; };
		C3986C321C056E8E002B5B3E /* libRNBlur.a in Frameworks */ = {isa = PBXBuildFile; fileRef = C3986C311C056C08002B5B3E /* libRNBlur.a */; };
		C3986C331C056E8E002B5B3E /* libRNOverlay.a in Frameworks */ = {isa = PBXBuildFile; fileRef = C3986C291C056B1C002B5B3E /* libRNOverlay.a */; };
		C3986C4C1C05C42C002B5B3E /* libRCTFBSDKShare.a in Frameworks */ = {isa = PBXBuildFile; fileRef = C3986C4B1C05C219002B5B3E /* libRCTFBSDKShare.a */; };
		C3986CC01C068A87002B5B3E /* libRCTFBSDKLogin.a in Frameworks */ = {isa = PBXBuildFile; fileRef = C3986CBF1C068A7A002B5B3E /* libRCTFBSDKLogin.a */; };
		C3986CC71C06B8E8002B5B3E /* libRCTFBSDKCore.a in Frameworks */ = {isa = PBXBuildFile; fileRef = C3986CC61C06B8DB002B5B3E /* libRCTFBSDKCore.a */; };
		C3F26AF01C05182400D31B66 /* ImageUploader.m in Sources */ = {isa = PBXBuildFile; fileRef = C3F26AEF1C05182400D31B66 /* ImageUploader.m */; };
		C3F5019D1C4F42E30064699A /* FBSDKCoreKit.framework in Frameworks */ = {isa = PBXBuildFile; fileRef = C3F5019A1C4F42E30064699A /* FBSDKCoreKit.framework */; };
		C3F5019E1C4F42E30064699A /* FBSDKLoginKit.framework in Frameworks */ = {isa = PBXBuildFile; fileRef = C3F5019B1C4F42E30064699A /* FBSDKLoginKit.framework */; };
		C3F5019F1C4F42E30064699A /* FBSDKShareKit.framework in Frameworks */ = {isa = PBXBuildFile; fileRef = C3F5019C1C4F42E30064699A /* FBSDKShareKit.framework */; };
/* End PBXBuildFile section */

/* Begin PBXContainerItemProxy section */
		00C302AB1ABCB8CE00DB3ED1 /* PBXContainerItemProxy */ = {
			isa = PBXContainerItemProxy;
			containerPortal = 00C302A71ABCB8CE00DB3ED1 /* RCTActionSheet.xcodeproj */;
			proxyType = 2;
			remoteGlobalIDString = 134814201AA4EA6300B7C361;
			remoteInfo = RCTActionSheet;
		};
		00C302B91ABCB90400DB3ED1 /* PBXContainerItemProxy */ = {
			isa = PBXContainerItemProxy;
			containerPortal = 00C302B51ABCB90400DB3ED1 /* RCTGeolocation.xcodeproj */;
			proxyType = 2;
			remoteGlobalIDString = 134814201AA4EA6300B7C361;
			remoteInfo = RCTGeolocation;
		};
		00C302BF1ABCB91800DB3ED1 /* PBXContainerItemProxy */ = {
			isa = PBXContainerItemProxy;
			containerPortal = 00C302BB1ABCB91800DB3ED1 /* RCTImage.xcodeproj */;
			proxyType = 2;
			remoteGlobalIDString = 58B5115D1A9E6B3D00147676;
			remoteInfo = RCTImage;
		};
		00C302DB1ABCB9D200DB3ED1 /* PBXContainerItemProxy */ = {
			isa = PBXContainerItemProxy;
			containerPortal = 00C302D31ABCB9D200DB3ED1 /* RCTNetwork.xcodeproj */;
			proxyType = 2;
			remoteGlobalIDString = 58B511DB1A9E6C8500147676;
			remoteInfo = RCTNetwork;
		};
		00C302E31ABCB9EE00DB3ED1 /* PBXContainerItemProxy */ = {
			isa = PBXContainerItemProxy;
			containerPortal = 00C302DF1ABCB9EE00DB3ED1 /* RCTVibration.xcodeproj */;
			proxyType = 2;
			remoteGlobalIDString = 832C81801AAF6DEF007FA2F7;
			remoteInfo = RCTVibration;
		};
		139105C01AF99BAD00B5F7CC /* PBXContainerItemProxy */ = {
			isa = PBXContainerItemProxy;
			containerPortal = 139105B61AF99BAD00B5F7CC /* RCTSettings.xcodeproj */;
			proxyType = 2;
			remoteGlobalIDString = 134814201AA4EA6300B7C361;
			remoteInfo = RCTSettings;
		};
		139FDEF31B06529B00C62182 /* PBXContainerItemProxy */ = {
			isa = PBXContainerItemProxy;
			containerPortal = 139FDEE61B06529A00C62182 /* RCTWebSocket.xcodeproj */;
			proxyType = 2;
			remoteGlobalIDString = 3C86DF461ADF2C930047B81A;
			remoteInfo = RCTWebSocket;
		};
		146834031AC3E56700842450 /* PBXContainerItemProxy */ = {
			isa = PBXContainerItemProxy;
			containerPortal = 146833FF1AC3E56700842450 /* React.xcodeproj */;
			proxyType = 2;
			remoteGlobalIDString = 83CBBA2E1A601D0E00E9B192;
			remoteInfo = React;
		};
		78C398B81ACF4ADC00677621 /* PBXContainerItemProxy */ = {
			isa = PBXContainerItemProxy;
			containerPortal = 78C398B01ACF4ADC00677621 /* RCTLinking.xcodeproj */;
			proxyType = 2;
			remoteGlobalIDString = 134814201AA4EA6300B7C361;
			remoteInfo = RCTLinking;
		};
		832341B41AAA6A8300B99B32 /* PBXContainerItemProxy */ = {
			isa = PBXContainerItemProxy;
			containerPortal = 832341B01AAA6A8300B99B32 /* RCTText.xcodeproj */;
			proxyType = 2;
			remoteGlobalIDString = 58B5119B1A9E6C1200147676;
			remoteInfo = RCTText;
		};
		C309680D1C8E76960053122A /* PBXContainerItemProxy */ = {
			isa = PBXContainerItemProxy;
			containerPortal = 83CBB9F71A601CBA00E9B192 /* Project object */;
			proxyType = 1;
			remoteGlobalIDString = 13B07F861A680F5B00A75B9A;
			remoteInfo = sproutli;
		};
		C331A73C1C8EE17600C68AA9 /* PBXContainerItemProxy */ = {
			isa = PBXContainerItemProxy;
			containerPortal = 83CBB9F71A601CBA00E9B192 /* Project object */;
			proxyType = 1;
			remoteGlobalIDString = 13B07F861A680F5B00A75B9A;
			remoteInfo = sproutli;
		};
		C34DABD91BD7341000EB08C8 /* PBXContainerItemProxy */ = {
			isa = PBXContainerItemProxy;
			containerPortal = C34DABD51BD7341000EB08C8 /* BVLinearGradient.xcodeproj */;
			proxyType = 2;
			remoteGlobalIDString = 134814201AA4EA6300B7C361;
			remoteInfo = BVLinearGradient;
		};
		C34DABE01BD751AC00EB08C8 /* PBXContainerItemProxy */ = {
			isa = PBXContainerItemProxy;
			containerPortal = C34DABDC1BD751AB00EB08C8 /* RNSearchBar.xcodeproj */;
			proxyType = 2;
			remoteGlobalIDString = 134814201AA4EA6300B7C361;
			remoteInfo = RNSearchBar;
		};
		C35B3EAE1BCC904E005AB832 /* PBXContainerItemProxy */ = {
			isa = PBXContainerItemProxy;
			containerPortal = 83CBB9F71A601CBA00E9B192 /* Project object */;
			proxyType = 1;
			remoteGlobalIDString = 13B07F861A680F5B00A75B9A;
			remoteInfo = sproutli;
		};
		C371A2FA1BCF0D4000589DFD /* PBXContainerItemProxy */ = {
			isa = PBXContainerItemProxy;
			containerPortal = C371A2F61BCF0D4000589DFD /* RNVectorIcons.xcodeproj */;
			proxyType = 2;
			remoteGlobalIDString = 5DBEB1501B18CEA900B34395;
			remoteInfo = RNVectorIcons;
		};
		C395293B1C91A9F000EE1AD6 /* PBXContainerItemProxy */ = {
			isa = PBXContainerItemProxy;
			containerPortal = C39529371C91A9F000EE1AD6 /* RNImagePicker.xcodeproj */;
			proxyType = 2;
			remoteGlobalIDString = 014A3B5C1C6CF33500B6D375;
			remoteInfo = RNImagePicker;
		};
		C3986C281C056B1C002B5B3E /* PBXContainerItemProxy */ = {
			isa = PBXContainerItemProxy;
			containerPortal = C3986C191C056B1C002B5B3E /* RNOverlay.xcodeproj */;
			proxyType = 2;
			remoteGlobalIDString = 134814201AA4EA6300B7C361;
			remoteInfo = RNOverlay;
		};
		C3986C301C056C08002B5B3E /* PBXContainerItemProxy */ = {
			isa = PBXContainerItemProxy;
			containerPortal = C3986C2C1C056C08002B5B3E /* RNBlur.xcodeproj */;
			proxyType = 2;
			remoteGlobalIDString = A68BD7BC1BC31318005F02DF;
			remoteInfo = RNBlur;
		};
		C3986C4A1C05C219002B5B3E /* PBXContainerItemProxy */ = {
			isa = PBXContainerItemProxy;
			containerPortal = C3986C461C05C219002B5B3E /* RCTFBSDKShare.xcodeproj */;
			proxyType = 2;
			remoteGlobalIDString = 134814201AA4EA6300B7C361;
			remoteInfo = RCTFBSDKShare;
		};
		C3986CBE1C068A7A002B5B3E /* PBXContainerItemProxy */ = {
			isa = PBXContainerItemProxy;
			containerPortal = C3986CBA1C068A7A002B5B3E /* RCTFBSDKLogin.xcodeproj */;
			proxyType = 2;
			remoteGlobalIDString = 134814201AA4EA6300B7C361;
			remoteInfo = RCTFBSDKLogin;
		};
		C3986CC51C06B8DB002B5B3E /* PBXContainerItemProxy */ = {
			isa = PBXContainerItemProxy;
			containerPortal = C3986CC11C06B8DA002B5B3E /* RCTFBSDKCore.xcodeproj */;
			proxyType = 2;
			remoteGlobalIDString = 134814201AA4EA6300B7C361;
			remoteInfo = RCTFBSDKCore;
		};
/* End PBXContainerItemProxy section */

/* Begin PBXFileReference section */
		00C302A71ABCB8CE00DB3ED1 /* RCTActionSheet.xcodeproj */ = {isa = PBXFileReference; lastKnownFileType = "wrapper.pb-project"; name = RCTActionSheet.xcodeproj; path = "../node_modules/react-native/Libraries/ActionSheetIOS/RCTActionSheet.xcodeproj"; sourceTree = "<group>"; };
		00C302B51ABCB90400DB3ED1 /* RCTGeolocation.xcodeproj */ = {isa = PBXFileReference; lastKnownFileType = "wrapper.pb-project"; name = RCTGeolocation.xcodeproj; path = "../node_modules/react-native/Libraries/Geolocation/RCTGeolocation.xcodeproj"; sourceTree = "<group>"; };
		00C302BB1ABCB91800DB3ED1 /* RCTImage.xcodeproj */ = {isa = PBXFileReference; lastKnownFileType = "wrapper.pb-project"; name = RCTImage.xcodeproj; path = "../node_modules/react-native/Libraries/Image/RCTImage.xcodeproj"; sourceTree = "<group>"; };
		00C302D31ABCB9D200DB3ED1 /* RCTNetwork.xcodeproj */ = {isa = PBXFileReference; lastKnownFileType = "wrapper.pb-project"; name = RCTNetwork.xcodeproj; path = "../node_modules/react-native/Libraries/Network/RCTNetwork.xcodeproj"; sourceTree = "<group>"; };
		00C302DF1ABCB9EE00DB3ED1 /* RCTVibration.xcodeproj */ = {isa = PBXFileReference; lastKnownFileType = "wrapper.pb-project"; name = RCTVibration.xcodeproj; path = "../node_modules/react-native/Libraries/Vibration/RCTVibration.xcodeproj"; sourceTree = "<group>"; };
		139105B61AF99BAD00B5F7CC /* RCTSettings.xcodeproj */ = {isa = PBXFileReference; lastKnownFileType = "wrapper.pb-project"; name = RCTSettings.xcodeproj; path = "../node_modules/react-native/Libraries/Settings/RCTSettings.xcodeproj"; sourceTree = "<group>"; };
		139FDEE61B06529A00C62182 /* RCTWebSocket.xcodeproj */ = {isa = PBXFileReference; lastKnownFileType = "wrapper.pb-project"; name = RCTWebSocket.xcodeproj; path = "../node_modules/react-native/Libraries/WebSocket/RCTWebSocket.xcodeproj"; sourceTree = "<group>"; };
		13B07F961A680F5B00A75B9A /* Sproutli.app */ = {isa = PBXFileReference; explicitFileType = wrapper.application; includeInIndex = 0; path = Sproutli.app; sourceTree = BUILT_PRODUCTS_DIR; };
		13B07FAF1A68108700A75B9A /* AppDelegate.h */ = {isa = PBXFileReference; fileEncoding = 4; lastKnownFileType = sourcecode.c.h; name = AppDelegate.h; path = sproutli/AppDelegate.h; sourceTree = "<group>"; };
		13B07FB01A68108700A75B9A /* AppDelegate.m */ = {isa = PBXFileReference; fileEncoding = 4; lastKnownFileType = sourcecode.c.objc; name = AppDelegate.m; path = sproutli/AppDelegate.m; sourceTree = "<group>"; };
		13B07FB21A68108700A75B9A /* Base */ = {isa = PBXFileReference; lastKnownFileType = file.xib; name = Base; path = Base.lproj/LaunchScreen.xib; sourceTree = "<group>"; };
		13B07FB51A68108700A75B9A /* Images.xcassets */ = {isa = PBXFileReference; lastKnownFileType = folder.assetcatalog; name = Images.xcassets; path = sproutli/Images.xcassets; sourceTree = "<group>"; };
		13B07FB61A68108700A75B9A /* Info.plist */ = {isa = PBXFileReference; fileEncoding = 4; lastKnownFileType = text.plist.xml; name = Info.plist; path = sproutli/Info.plist; sourceTree = "<group>"; };
		13B07FB71A68108700A75B9A /* main.m */ = {isa = PBXFileReference; fileEncoding = 4; lastKnownFileType = sourcecode.c.objc; name = main.m; path = sproutli/main.m; sourceTree = "<group>"; };
		146833FF1AC3E56700842450 /* React.xcodeproj */ = {isa = PBXFileReference; lastKnownFileType = "wrapper.pb-project"; name = React.xcodeproj; path = "../node_modules/react-native/React/React.xcodeproj"; sourceTree = "<group>"; };
		1E90897CD3553ACFC8692D42 /* Pods-sproutli.release.xcconfig */ = {isa = PBXFileReference; includeInIndex = 1; lastKnownFileType = text.xcconfig; name = "Pods-sproutli.release.xcconfig"; path = "Pods/Target Support Files/Pods-sproutli/Pods-sproutli.release.xcconfig"; sourceTree = "<group>"; };
		29C1FF3F60BE1503FE8C33A9 /* libPods-sproutli.a */ = {isa = PBXFileReference; explicitFileType = archive.ar; includeInIndex = 0; path = "libPods-sproutli.a"; sourceTree = BUILT_PRODUCTS_DIR; };
		5D6227535814471EADF59280 /* Pods-sproutli.debug.xcconfig */ = {isa = PBXFileReference; includeInIndex = 1; lastKnownFileType = text.xcconfig; name = "Pods-sproutli.debug.xcconfig"; path = "Pods/Target Support Files/Pods-sproutli/Pods-sproutli.debug.xcconfig"; sourceTree = "<group>"; };
		78C398B01ACF4ADC00677621 /* RCTLinking.xcodeproj */ = {isa = PBXFileReference; lastKnownFileType = "wrapper.pb-project"; name = RCTLinking.xcodeproj; path = "../node_modules/react-native/Libraries/LinkingIOS/RCTLinking.xcodeproj"; sourceTree = "<group>"; };
		832341B01AAA6A8300B99B32 /* RCTText.xcodeproj */ = {isa = PBXFileReference; lastKnownFileType = "wrapper.pb-project"; name = RCTText.xcodeproj; path = "../node_modules/react-native/Libraries/Text/RCTText.xcodeproj"; sourceTree = "<group>"; };
		C30968081C8E76960053122A /* SproutliTests.xctest */ = {isa = PBXFileReference; explicitFileType = wrapper.cfbundle; includeInIndex = 0; path = SproutliTests.xctest; sourceTree = BUILT_PRODUCTS_DIR; };
		C309680C1C8E76960053122A /* Info.plist */ = {isa = PBXFileReference; lastKnownFileType = text.plist.xml; path = Info.plist; sourceTree = "<group>"; };
		C30968121C8E76B00053122A /* ImageUploaderTest.m */ = {isa = PBXFileReference; fileEncoding = 4; lastKnownFileType = sourcecode.c.objc; name = ImageUploaderTest.m; path = ../ImageUploaderTest.m; sourceTree = "<group>"; };
		C331A7371C8EE17600C68AA9 /* SproutliUITests.xctest */ = {isa = PBXFileReference; explicitFileType = wrapper.cfbundle; includeInIndex = 0; path = SproutliUITests.xctest; sourceTree = BUILT_PRODUCTS_DIR; };
		C331A7391C8EE17600C68AA9 /* SproutliUITests.swift */ = {isa = PBXFileReference; lastKnownFileType = sourcecode.swift; path = SproutliUITests.swift; sourceTree = "<group>"; };
		C331A73B1C8EE17600C68AA9 /* Info.plist */ = {isa = PBXFileReference; lastKnownFileType = text.plist.xml; path = Info.plist; sourceTree = "<group>"; };
		C331A7651C8FBB7700C68AA9 /* CrashlyticsReporter.h */ = {isa = PBXFileReference; fileEncoding = 4; lastKnownFileType = sourcecode.c.h; path = CrashlyticsReporter.h; sourceTree = "<group>"; };
		C331A7661C8FBB9E00C68AA9 /* CrashlyticsReporter.m */ = {isa = PBXFileReference; fileEncoding = 4; lastKnownFileType = sourcecode.c.objc; path = CrashlyticsReporter.m; sourceTree = "<group>"; };
		C331A7B01C8FF66900C68AA9 /* AnswersReporter.h */ = {isa = PBXFileReference; fileEncoding = 4; lastKnownFileType = sourcecode.c.h; path = AnswersReporter.h; sourceTree = "<group>"; };
		C331A7C31C8FF68200C68AA9 /* AnswersReporter.m */ = {isa = PBXFileReference; fileEncoding = 4; lastKnownFileType = sourcecode.c.objc; path = AnswersReporter.m; sourceTree = "<group>"; };
		C33F3AAF1BDA0D2700FF4218 /* IntercomWrapper.h */ = {isa = PBXFileReference; fileEncoding = 4; lastKnownFileType = sourcecode.c.h; name = IntercomWrapper.h; path = "../node_modules/react-native-intercom/iOS/IntercomWrapper.h"; sourceTree = "<group>"; };
		C33F3AB01BDA0D2700FF4218 /* IntercomWrapper.m */ = {isa = PBXFileReference; fileEncoding = 4; lastKnownFileType = sourcecode.c.objc; name = IntercomWrapper.m; path = "../node_modules/react-native-intercom/iOS/IntercomWrapper.m"; sourceTree = "<group>"; };
		C34DABD51BD7341000EB08C8 /* BVLinearGradient.xcodeproj */ = {isa = PBXFileReference; lastKnownFileType = "wrapper.pb-project"; name = BVLinearGradient.xcodeproj; path = "../node_modules/react-native-linear-gradient/BVLinearGradient.xcodeproj"; sourceTree = "<group>"; };
		C34DABDC1BD751AB00EB08C8 /* RNSearchBar.xcodeproj */ = {isa = PBXFileReference; lastKnownFileType = "wrapper.pb-project"; name = RNSearchBar.xcodeproj; path = "../node_modules/react-native-search-bar/RNSearchBar.xcodeproj"; sourceTree = "<group>"; };
		C34DABE81BD7824500EB08C8 /* RNGeocoder.h */ = {isa = PBXFileReference; fileEncoding = 4; lastKnownFileType = sourcecode.c.h; path = RNGeocoder.h; sourceTree = "<group>"; };
		C34DABE91BD7824500EB08C8 /* RNGeocoder.m */ = {isa = PBXFileReference; fileEncoding = 4; lastKnownFileType = sourcecode.c.objc; path = RNGeocoder.m; sourceTree = "<group>"; };
		C35B3EA91BCC904E005AB832 /* Sproutli.xctest */ = {isa = PBXFileReference; explicitFileType = wrapper.cfbundle; includeInIndex = 0; path = Sproutli.xctest; sourceTree = BUILT_PRODUCTS_DIR; };
		C3642CA91BF95B45007FC821 /* main.jsbundle */ = {isa = PBXFileReference; fileEncoding = 4; lastKnownFileType = text; name = main.jsbundle; path = ../main.jsbundle; sourceTree = "<group>"; };
		C371A2F61BCF0D4000589DFD /* RNVectorIcons.xcodeproj */ = {isa = PBXFileReference; lastKnownFileType = "wrapper.pb-project"; name = RNVectorIcons.xcodeproj; path = "../node_modules/react-native-vector-icons/RNVectorIcons.xcodeproj"; sourceTree = "<group>"; };
		C371A2FE1BCF2D4700589DFD /* Entypo.ttf */ = {isa = PBXFileReference; lastKnownFileType = file; path = Entypo.ttf; sourceTree = "<group>"; };
		C371A2FF1BCF2D4700589DFD /* EvilIcons.ttf */ = {isa = PBXFileReference; lastKnownFileType = file; path = EvilIcons.ttf; sourceTree = "<group>"; };
		C371A3001BCF2D4700589DFD /* FontAwesome.ttf */ = {isa = PBXFileReference; lastKnownFileType = file; path = FontAwesome.ttf; sourceTree = "<group>"; };
		C371A3011BCF2D4700589DFD /* Foundation.ttf */ = {isa = PBXFileReference; lastKnownFileType = file; path = Foundation.ttf; sourceTree = "<group>"; };
		C371A3021BCF2D4700589DFD /* Ionicons.ttf */ = {isa = PBXFileReference; lastKnownFileType = file; path = Ionicons.ttf; sourceTree = "<group>"; };
		C371A3031BCF2D4700589DFD /* MaterialIcons.ttf */ = {isa = PBXFileReference; lastKnownFileType = file; path = MaterialIcons.ttf; sourceTree = "<group>"; };
		C371A3041BCF2D4700589DFD /* Octicons.ttf */ = {isa = PBXFileReference; lastKnownFileType = file; path = Octicons.ttf; sourceTree = "<group>"; };
		C371A3051BCF2D4700589DFD /* Zocial.ttf */ = {isa = PBXFileReference; lastKnownFileType = file; path = Zocial.ttf; sourceTree = "<group>"; };
		C39529371C91A9F000EE1AD6 /* RNImagePicker.xcodeproj */ = {isa = PBXFileReference; lastKnownFileType = "wrapper.pb-project"; name = RNImagePicker.xcodeproj; path = "../node_modules/react-native-image-picker/ios/RNImagePicker.xcodeproj"; sourceTree = "<group>"; };
		C3986C191C056B1C002B5B3E /* RNOverlay.xcodeproj */ = {isa = PBXFileReference; lastKnownFileType = "wrapper.pb-project"; name = RNOverlay.xcodeproj; path = "../node_modules/react-native-overlay/RNOverlay.xcodeproj"; sourceTree = "<group>"; };
		C3986C2C1C056C08002B5B3E /* RNBlur.xcodeproj */ = {isa = PBXFileReference; lastKnownFileType = "wrapper.pb-project"; name = RNBlur.xcodeproj; path = "../node_modules/react-native-blur/ios/RNBlur.xcodeproj"; sourceTree = "<group>"; };
		C3986C461C05C219002B5B3E /* RCTFBSDKShare.xcodeproj */ = {isa = PBXFileReference; lastKnownFileType = "wrapper.pb-project"; name = RCTFBSDKShare.xcodeproj; path = "../node_modules/react-native-fbsdkshare/RCTFBSDKShare.xcodeproj"; sourceTree = "<group>"; };
		C3986CBA1C068A7A002B5B3E /* RCTFBSDKLogin.xcodeproj */ = {isa = PBXFileReference; lastKnownFileType = "wrapper.pb-project"; name = RCTFBSDKLogin.xcodeproj; path = "../node_modules/react-native-fbsdklogin/RCTFBSDKLogin.xcodeproj"; sourceTree = "<group>"; };
		C3986CC11C06B8DA002B5B3E /* RCTFBSDKCore.xcodeproj */ = {isa = PBXFileReference; lastKnownFileType = "wrapper.pb-project"; name = RCTFBSDKCore.xcodeproj; path = "../node_modules/react-native-fbsdkcore/RCTFBSDKCore.xcodeproj"; sourceTree = "<group>"; };
		C3F26AEF1C05182400D31B66 /* ImageUploader.m */ = {isa = PBXFileReference; fileEncoding = 4; lastKnownFileType = sourcecode.c.objc; name = ImageUploader.m; path = sproutli/ImageUploader.m; sourceTree = "<group>"; };
		C3F26AFE1C05185300D31B66 /* ImageUploader.h */ = {isa = PBXFileReference; fileEncoding = 4; lastKnownFileType = sourcecode.c.h; path = ImageUploader.h; sourceTree = "<group>"; };
		C3F5019A1C4F42E30064699A /* FBSDKCoreKit.framework */ = {isa = PBXFileReference; lastKnownFileType = wrapper.framework; name = FBSDKCoreKit.framework; path = ../../../FacebookSDK/FBSDKCoreKit.framework; sourceTree = "<group>"; };
		C3F5019B1C4F42E30064699A /* FBSDKLoginKit.framework */ = {isa = PBXFileReference; lastKnownFileType = wrapper.framework; name = FBSDKLoginKit.framework; path = ../../../FacebookSDK/FBSDKLoginKit.framework; sourceTree = "<group>"; };
		C3F5019C1C4F42E30064699A /* FBSDKShareKit.framework */ = {isa = PBXFileReference; lastKnownFileType = wrapper.framework; name = FBSDKShareKit.framework; path = ../../../FacebookSDK/FBSDKShareKit.framework; sourceTree = "<group>"; };
/* End PBXFileReference section */

/* Begin PBXFrameworksBuildPhase section */
		13B07F8C1A680F5B00A75B9A /* Frameworks */ = {
			isa = PBXFrameworksBuildPhase;
			buildActionMask = 2147483647;
			files = (
				C395293D1C91AB3400EE1AD6 /* libRNImagePicker.a in Frameworks */,
				C3F5019D1C4F42E30064699A /* FBSDKCoreKit.framework in Frameworks */,
				C3F5019F1C4F42E30064699A /* FBSDKShareKit.framework in Frameworks */,
				C3F5019E1C4F42E30064699A /* FBSDKLoginKit.framework in Frameworks */,
				C3986CC71C06B8E8002B5B3E /* libRCTFBSDKCore.a in Frameworks */,
				C3986CC01C068A87002B5B3E /* libRCTFBSDKLogin.a in Frameworks */,
				C3986C4C1C05C42C002B5B3E /* libRCTFBSDKShare.a in Frameworks */,
				C3986C321C056E8E002B5B3E /* libRNBlur.a in Frameworks */,
				C3986C331C056E8E002B5B3E /* libRNOverlay.a in Frameworks */,
				C34DABE21BD751B100EB08C8 /* libRNSearchBar.a in Frameworks */,
				C34DABDB1BD7341900EB08C8 /* libBVLinearGradient.a in Frameworks */,
				146834051AC3E58100842450 /* libReact.a in Frameworks */,
				00C302E51ABCBA2D00DB3ED1 /* libRCTActionSheet.a in Frameworks */,
				00C302E71ABCBA2D00DB3ED1 /* libRCTGeolocation.a in Frameworks */,
				00C302E81ABCBA2D00DB3ED1 /* libRCTImage.a in Frameworks */,
				133E29F31AD74F7200F7D852 /* libRCTLinking.a in Frameworks */,
				00C302E91ABCBA2D00DB3ED1 /* libRCTNetwork.a in Frameworks */,
				139105C61AF99C1200B5F7CC /* libRCTSettings.a in Frameworks */,
				C371A2FC1BCF0D4C00589DFD /* libRNVectorIcons.a in Frameworks */,
				832341BD1AAA6AB300B99B32 /* libRCTText.a in Frameworks */,
				00C302EA1ABCBA2D00DB3ED1 /* libRCTVibration.a in Frameworks */,
				139FDEF61B0652A700C62182 /* libRCTWebSocket.a in Frameworks */,
				28676361B016DC4EB4383BD6 /* libPods-sproutli.a in Frameworks */,
			);
			runOnlyForDeploymentPostprocessing = 0;
		};
		C30968051C8E76960053122A /* Frameworks */ = {
			isa = PBXFrameworksBuildPhase;
			buildActionMask = 2147483647;
			files = (
			);
			runOnlyForDeploymentPostprocessing = 0;
		};
		C331A7341C8EE17600C68AA9 /* Frameworks */ = {
			isa = PBXFrameworksBuildPhase;
			buildActionMask = 2147483647;
			files = (
			);
			runOnlyForDeploymentPostprocessing = 0;
		};
		C35B3EA61BCC904E005AB832 /* Frameworks */ = {
			isa = PBXFrameworksBuildPhase;
			buildActionMask = 2147483647;
			files = (
			);
			runOnlyForDeploymentPostprocessing = 0;
		};
/* End PBXFrameworksBuildPhase section */

/* Begin PBXGroup section */
		00C302A81ABCB8CE00DB3ED1 /* Products */ = {
			isa = PBXGroup;
			children = (
				00C302AC1ABCB8CE00DB3ED1 /* libRCTActionSheet.a */,
			);
			name = Products;
			sourceTree = "<group>";
		};
		00C302B61ABCB90400DB3ED1 /* Products */ = {
			isa = PBXGroup;
			children = (
				00C302BA1ABCB90400DB3ED1 /* libRCTGeolocation.a */,
			);
			name = Products;
			sourceTree = "<group>";
		};
		00C302BC1ABCB91800DB3ED1 /* Products */ = {
			isa = PBXGroup;
			children = (
				00C302C01ABCB91800DB3ED1 /* libRCTImage.a */,
			);
			name = Products;
			sourceTree = "<group>";
		};
		00C302D41ABCB9D200DB3ED1 /* Products */ = {
			isa = PBXGroup;
			children = (
				00C302DC1ABCB9D200DB3ED1 /* libRCTNetwork.a */,
			);
			name = Products;
			sourceTree = "<group>";
		};
		00C302E01ABCB9EE00DB3ED1 /* Products */ = {
			isa = PBXGroup;
			children = (
				00C302E41ABCB9EE00DB3ED1 /* libRCTVibration.a */,
			);
			name = Products;
			sourceTree = "<group>";
		};
		139105B71AF99BAD00B5F7CC /* Products */ = {
			isa = PBXGroup;
			children = (
				139105C11AF99BAD00B5F7CC /* libRCTSettings.a */,
			);
			name = Products;
			sourceTree = "<group>";
		};
		139FDEE71B06529A00C62182 /* Products */ = {
			isa = PBXGroup;
			children = (
				139FDEF41B06529B00C62182 /* libRCTWebSocket.a */,
			);
			name = Products;
			sourceTree = "<group>";
		};
		13B07FAE1A68108700A75B9A /* sproutli */ = {
			isa = PBXGroup;
			children = (
				C3F26AFE1C05185300D31B66 /* ImageUploader.h */,
				C3F26AEF1C05182400D31B66 /* ImageUploader.m */,
				C331A7651C8FBB7700C68AA9 /* CrashlyticsReporter.h */,
				C331A7661C8FBB9E00C68AA9 /* CrashlyticsReporter.m */,
				C331A7B01C8FF66900C68AA9 /* AnswersReporter.h */,
				C331A7C31C8FF68200C68AA9 /* AnswersReporter.m */,
				C3642CA91BF95B45007FC821 /* main.jsbundle */,
				13B07FAF1A68108700A75B9A /* AppDelegate.h */,
				13B07FB01A68108700A75B9A /* AppDelegate.m */,
				13B07FB51A68108700A75B9A /* Images.xcassets */,
				13B07FB61A68108700A75B9A /* Info.plist */,
				13B07FB11A68108700A75B9A /* LaunchScreen.xib */,
				13B07FB71A68108700A75B9A /* main.m */,
			);
			name = sproutli;
			sourceTree = "<group>";
		};
		146834001AC3E56700842450 /* Products */ = {
			isa = PBXGroup;
			children = (
				146834041AC3E56700842450 /* libReact.a */,
			);
			name = Products;
			sourceTree = "<group>";
		};
		78C398B11ACF4ADC00677621 /* Products */ = {
			isa = PBXGroup;
			children = (
				78C398B91ACF4ADC00677621 /* libRCTLinking.a */,
			);
			name = Products;
			sourceTree = "<group>";
		};
		832341AE1AAA6A7D00B99B32 /* Libraries */ = {
			isa = PBXGroup;
			children = (
				C39529371C91A9F000EE1AD6 /* RNImagePicker.xcodeproj */,
				C3986CC11C06B8DA002B5B3E /* RCTFBSDKCore.xcodeproj */,
				C3986CBA1C068A7A002B5B3E /* RCTFBSDKLogin.xcodeproj */,
				C3986C461C05C219002B5B3E /* RCTFBSDKShare.xcodeproj */,
				C3986C2C1C056C08002B5B3E /* RNBlur.xcodeproj */,
				C3986C191C056B1C002B5B3E /* RNOverlay.xcodeproj */,
				C33F3AAF1BDA0D2700FF4218 /* IntercomWrapper.h */,
				C33F3AB01BDA0D2700FF4218 /* IntercomWrapper.m */,
				C34DABE71BD7824500EB08C8 /* RNGeocoder */,
				C34DABDC1BD751AB00EB08C8 /* RNSearchBar.xcodeproj */,
				C34DABD51BD7341000EB08C8 /* BVLinearGradient.xcodeproj */,
				146833FF1AC3E56700842450 /* React.xcodeproj */,
				00C302A71ABCB8CE00DB3ED1 /* RCTActionSheet.xcodeproj */,
				C371A2F61BCF0D4000589DFD /* RNVectorIcons.xcodeproj */,
				00C302B51ABCB90400DB3ED1 /* RCTGeolocation.xcodeproj */,
				00C302BB1ABCB91800DB3ED1 /* RCTImage.xcodeproj */,
				78C398B01ACF4ADC00677621 /* RCTLinking.xcodeproj */,
				00C302D31ABCB9D200DB3ED1 /* RCTNetwork.xcodeproj */,
				139105B61AF99BAD00B5F7CC /* RCTSettings.xcodeproj */,
				832341B01AAA6A8300B99B32 /* RCTText.xcodeproj */,
				00C302DF1ABCB9EE00DB3ED1 /* RCTVibration.xcodeproj */,
				139FDEE61B06529A00C62182 /* RCTWebSocket.xcodeproj */,
			);
			name = Libraries;
			sourceTree = "<group>";
		};
		832341B11AAA6A8300B99B32 /* Products */ = {
			isa = PBXGroup;
			children = (
				832341B51AAA6A8300B99B32 /* libRCTText.a */,
			);
			name = Products;
			sourceTree = "<group>";
		};
		83CBB9F61A601CBA00E9B192 = {
			isa = PBXGroup;
			children = (
				C30968091C8E76960053122A /* SproutliTests */,
				C371A2FD1BCF2D4700589DFD /* Fonts */,
				13B07FAE1A68108700A75B9A /* sproutli */,
				832341AE1AAA6A7D00B99B32 /* Libraries */,
				C331A7381C8EE17600C68AA9 /* SproutliUITests */,
				83CBBA001A601CBA00E9B192 /* Products */,
				E7A46FC703A4F412ADA2E1F3 /* Pods */,
				B1E558C659135EF5326A410B /* Frameworks */,
			);
			indentWidth = 2;
			sourceTree = "<group>";
			tabWidth = 2;
		};
		83CBBA001A601CBA00E9B192 /* Products */ = {
			isa = PBXGroup;
			children = (
				13B07F961A680F5B00A75B9A /* Sproutli.app */,
				C35B3EA91BCC904E005AB832 /* Sproutli.xctest */,
				C30968081C8E76960053122A /* SproutliTests.xctest */,
				C331A7371C8EE17600C68AA9 /* SproutliUITests.xctest */,
			);
			name = Products;
			sourceTree = "<group>";
		};
		B1E558C659135EF5326A410B /* Frameworks */ = {
			isa = PBXGroup;
			children = (
				C3F5019A1C4F42E30064699A /* FBSDKCoreKit.framework */,
				C3F5019B1C4F42E30064699A /* FBSDKLoginKit.framework */,
				C3F5019C1C4F42E30064699A /* FBSDKShareKit.framework */,
				29C1FF3F60BE1503FE8C33A9 /* libPods-sproutli.a */,
			);
			name = Frameworks;
			sourceTree = "<group>";
		};
		C30968091C8E76960053122A /* SproutliTests */ = {
			isa = PBXGroup;
			children = (
				C30968121C8E76B00053122A /* ImageUploaderTest.m */,
				C309680C1C8E76960053122A /* Info.plist */,
			);
			path = SproutliTests;
			sourceTree = "<group>";
		};
		C331A7381C8EE17600C68AA9 /* SproutliUITests */ = {
			isa = PBXGroup;
			children = (
				C331A7391C8EE17600C68AA9 /* SproutliUITests.swift */,
				C331A73B1C8EE17600C68AA9 /* Info.plist */,
			);
			path = SproutliUITests;
			sourceTree = "<group>";
		};
		C34DABD61BD7341000EB08C8 /* Products */ = {
			isa = PBXGroup;
			children = (
				C34DABDA1BD7341000EB08C8 /* libBVLinearGradient.a */,
			);
			name = Products;
			sourceTree = "<group>";
		};
		C34DABDD1BD751AB00EB08C8 /* Products */ = {
			isa = PBXGroup;
			children = (
				C34DABE11BD751AC00EB08C8 /* libRNSearchBar.a */,
			);
			name = Products;
			sourceTree = "<group>";
		};
		C34DABE71BD7824500EB08C8 /* RNGeocoder */ = {
			isa = PBXGroup;
			children = (
				C34DABE81BD7824500EB08C8 /* RNGeocoder.h */,
				C34DABE91BD7824500EB08C8 /* RNGeocoder.m */,
			);
			name = RNGeocoder;
			path = "../node_modules/react-native-geocoder/RNGeocoder";
			sourceTree = "<group>";
		};
		C371A2F71BCF0D4000589DFD /* Products */ = {
			isa = PBXGroup;
			children = (
				C371A2FB1BCF0D4000589DFD /* libRNVectorIcons.a */,
			);
			name = Products;
			sourceTree = "<group>";
		};
		C371A2FD1BCF2D4700589DFD /* Fonts */ = {
			isa = PBXGroup;
			children = (
				C371A2FE1BCF2D4700589DFD /* Entypo.ttf */,
				C371A2FF1BCF2D4700589DFD /* EvilIcons.ttf */,
				C371A3001BCF2D4700589DFD /* FontAwesome.ttf */,
				C371A3011BCF2D4700589DFD /* Foundation.ttf */,
				C371A3021BCF2D4700589DFD /* Ionicons.ttf */,
				C371A3031BCF2D4700589DFD /* MaterialIcons.ttf */,
				C371A3041BCF2D4700589DFD /* Octicons.ttf */,
				C371A3051BCF2D4700589DFD /* Zocial.ttf */,
			);
			name = Fonts;
			path = "../node_modules/react-native-vector-icons/Fonts";
			sourceTree = "<group>";
		};
		C39529381C91A9F000EE1AD6 /* Products */ = {
			isa = PBXGroup;
			children = (
				C395293C1C91A9F000EE1AD6 /* libRNImagePicker.a */,
			);
			name = Products;
			sourceTree = "<group>";
		};
		C3986C1A1C056B1C002B5B3E /* Products */ = {
			isa = PBXGroup;
			children = (
				C3986C291C056B1C002B5B3E /* libRNOverlay.a */,
			);
			name = Products;
			sourceTree = "<group>";
		};
		C3986C2D1C056C08002B5B3E /* Products */ = {
			isa = PBXGroup;
			children = (
				C3986C311C056C08002B5B3E /* libRNBlur.a */,
			);
			name = Products;
			sourceTree = "<group>";
		};
		C3986C471C05C219002B5B3E /* Products */ = {
			isa = PBXGroup;
			children = (
				C3986C4B1C05C219002B5B3E /* libRCTFBSDKShare.a */,
			);
			name = Products;
			sourceTree = "<group>";
		};
		C3986CBB1C068A7A002B5B3E /* Products */ = {
			isa = PBXGroup;
			children = (
				C3986CBF1C068A7A002B5B3E /* libRCTFBSDKLogin.a */,
			);
			name = Products;
			sourceTree = "<group>";
		};
		C3986CC21C06B8DA002B5B3E /* Products */ = {
			isa = PBXGroup;
			children = (
				C3986CC61C06B8DB002B5B3E /* libRCTFBSDKCore.a */,
			);
			name = Products;
			sourceTree = "<group>";
		};
		E7A46FC703A4F412ADA2E1F3 /* Pods */ = {
			isa = PBXGroup;
			children = (
				5D6227535814471EADF59280 /* Pods-sproutli.debug.xcconfig */,
				1E90897CD3553ACFC8692D42 /* Pods-sproutli.release.xcconfig */,
			);
			name = Pods;
			sourceTree = "<group>";
		};
/* End PBXGroup section */

/* Begin PBXNativeTarget section */
		13B07F861A680F5B00A75B9A /* sproutli */ = {
			isa = PBXNativeTarget;
			buildConfigurationList = 13B07F931A680F5B00A75B9A /* Build configuration list for PBXNativeTarget "sproutli" */;
			buildPhases = (
				6D5256BD92E17B20A0582C2F /* Check Pods Manifest.lock */,
				13B07F871A680F5B00A75B9A /* Sources */,
				13B07F8C1A680F5B00A75B9A /* Frameworks */,
				13B07F8E1A680F5B00A75B9A /* Resources */,
				002310C001DC78298EBED17D /* Embed Pods Frameworks */,
				92AA8476126EDC17CEC624E4 /* Copy Pods Resources */,
			);
			buildRules = (
			);
			dependencies = (
			);
			name = sproutli;
			productName = "Hello World";
			productReference = 13B07F961A680F5B00A75B9A /* Sproutli.app */;
			productType = "com.apple.product-type.application";
		};
		C30968071C8E76960053122A /* SproutliTests */ = {
			isa = PBXNativeTarget;
			buildConfigurationList = C309680F1C8E76960053122A /* Build configuration list for PBXNativeTarget "SproutliTests" */;
			buildPhases = (
				C30968041C8E76960053122A /* Sources */,
				C30968051C8E76960053122A /* Frameworks */,
				C30968061C8E76960053122A /* Resources */,
			);
			buildRules = (
			);
			dependencies = (
				C309680E1C8E76960053122A /* PBXTargetDependency */,
			);
			name = SproutliTests;
			productName = SproutliTests;
			productReference = C30968081C8E76960053122A /* SproutliTests.xctest */;
			productType = "com.apple.product-type.bundle.unit-test";
		};
		C331A7361C8EE17600C68AA9 /* SproutliUITests */ = {
			isa = PBXNativeTarget;
			buildConfigurationList = C331A73E1C8EE17600C68AA9 /* Build configuration list for PBXNativeTarget "SproutliUITests" */;
			buildPhases = (
				C331A7331C8EE17600C68AA9 /* Sources */,
				C331A7341C8EE17600C68AA9 /* Frameworks */,
				C331A7351C8EE17600C68AA9 /* Resources */,
			);
			buildRules = (
			);
			dependencies = (
				C331A73D1C8EE17600C68AA9 /* PBXTargetDependency */,
			);
			name = SproutliUITests;
			productName = SproutliUITests;
			productReference = C331A7371C8EE17600C68AA9 /* SproutliUITests.xctest */;
			productType = "com.apple.product-type.bundle.ui-testing";
		};
		C35B3EA81BCC904E005AB832 /* sproutliUITests */ = {
			isa = PBXNativeTarget;
			buildConfigurationList = C35B3EBC1BCC904E005AB832 /* Build configuration list for PBXNativeTarget "sproutliUITests" */;
			buildPhases = (
				C35B3EA51BCC904E005AB832 /* Sources */,
				C35B3EA61BCC904E005AB832 /* Frameworks */,
				C35B3EA71BCC904E005AB832 /* Resources */,
			);
			buildRules = (
			);
			dependencies = (
				C35B3EAF1BCC904E005AB832 /* PBXTargetDependency */,
			);
			name = sproutliUITests;
			productName = sproutliUITests;
			productReference = C35B3EA91BCC904E005AB832 /* Sproutli.xctest */;
			productType = "com.apple.product-type.bundle.ui-testing";
		};
/* End PBXNativeTarget section */

/* Begin PBXProject section */
		83CBB9F71A601CBA00E9B192 /* Project object */ = {
			isa = PBXProject;
			attributes = {
				LastSwiftUpdateCheck = 0720;
				LastUpgradeCheck = 0810;
				ORGANIZATIONNAME = Sproutli;
				TargetAttributes = {
					13B07F861A680F5B00A75B9A = {
						DevelopmentTeam = T2TG9M3MRR;
						SystemCapabilities = {
							com.apple.Push = {
								enabled = 1;
							};
						};
					};
					C30968071C8E76960053122A = {
						CreatedOnToolsVersion = 7.2.1;
						TestTargetID = 13B07F861A680F5B00A75B9A;
					};
					C331A7361C8EE17600C68AA9 = {
						CreatedOnToolsVersion = 7.2.1;
						TestTargetID = 13B07F861A680F5B00A75B9A;
					};
					C35B3EA81BCC904E005AB832 = {
						CreatedOnToolsVersion = 7.0.1;
						TestTargetID = 13B07F861A680F5B00A75B9A;
					};
				};
			};
			buildConfigurationList = 83CBB9FA1A601CBA00E9B192 /* Build configuration list for PBXProject "Sproutli" */;
			compatibilityVersion = "Xcode 3.2";
			developmentRegion = English;
			hasScannedForEncodings = 0;
			knownRegions = (
				en,
				Base,
			);
			mainGroup = 83CBB9F61A601CBA00E9B192;
			productRefGroup = 83CBBA001A601CBA00E9B192 /* Products */;
			projectDirPath = "";
			projectReferences = (
				{
					ProductGroup = C34DABD61BD7341000EB08C8 /* Products */;
					ProjectRef = C34DABD51BD7341000EB08C8 /* BVLinearGradient.xcodeproj */;
				},
				{
					ProductGroup = 00C302A81ABCB8CE00DB3ED1 /* Products */;
					ProjectRef = 00C302A71ABCB8CE00DB3ED1 /* RCTActionSheet.xcodeproj */;
				},
				{
					ProductGroup = C3986CC21C06B8DA002B5B3E /* Products */;
					ProjectRef = C3986CC11C06B8DA002B5B3E /* RCTFBSDKCore.xcodeproj */;
				},
				{
					ProductGroup = C3986CBB1C068A7A002B5B3E /* Products */;
					ProjectRef = C3986CBA1C068A7A002B5B3E /* RCTFBSDKLogin.xcodeproj */;
				},
				{
					ProductGroup = C3986C471C05C219002B5B3E /* Products */;
					ProjectRef = C3986C461C05C219002B5B3E /* RCTFBSDKShare.xcodeproj */;
				},
				{
					ProductGroup = 00C302B61ABCB90400DB3ED1 /* Products */;
					ProjectRef = 00C302B51ABCB90400DB3ED1 /* RCTGeolocation.xcodeproj */;
				},
				{
					ProductGroup = 00C302BC1ABCB91800DB3ED1 /* Products */;
					ProjectRef = 00C302BB1ABCB91800DB3ED1 /* RCTImage.xcodeproj */;
				},
				{
					ProductGroup = 78C398B11ACF4ADC00677621 /* Products */;
					ProjectRef = 78C398B01ACF4ADC00677621 /* RCTLinking.xcodeproj */;
				},
				{
					ProductGroup = 00C302D41ABCB9D200DB3ED1 /* Products */;
					ProjectRef = 00C302D31ABCB9D200DB3ED1 /* RCTNetwork.xcodeproj */;
				},
				{
					ProductGroup = 139105B71AF99BAD00B5F7CC /* Products */;
					ProjectRef = 139105B61AF99BAD00B5F7CC /* RCTSettings.xcodeproj */;
				},
				{
					ProductGroup = 832341B11AAA6A8300B99B32 /* Products */;
					ProjectRef = 832341B01AAA6A8300B99B32 /* RCTText.xcodeproj */;
				},
				{
					ProductGroup = 00C302E01ABCB9EE00DB3ED1 /* Products */;
					ProjectRef = 00C302DF1ABCB9EE00DB3ED1 /* RCTVibration.xcodeproj */;
				},
				{
					ProductGroup = 139FDEE71B06529A00C62182 /* Products */;
					ProjectRef = 139FDEE61B06529A00C62182 /* RCTWebSocket.xcodeproj */;
				},
				{
					ProductGroup = 146834001AC3E56700842450 /* Products */;
					ProjectRef = 146833FF1AC3E56700842450 /* React.xcodeproj */;
				},
				{
					ProductGroup = C3986C2D1C056C08002B5B3E /* Products */;
					ProjectRef = C3986C2C1C056C08002B5B3E /* RNBlur.xcodeproj */;
				},
				{
					ProductGroup = C39529381C91A9F000EE1AD6 /* Products */;
					ProjectRef = C39529371C91A9F000EE1AD6 /* RNImagePicker.xcodeproj */;
				},
				{
					ProductGroup = C3986C1A1C056B1C002B5B3E /* Products */;
					ProjectRef = C3986C191C056B1C002B5B3E /* RNOverlay.xcodeproj */;
				},
				{
					ProductGroup = C34DABDD1BD751AB00EB08C8 /* Products */;
					ProjectRef = C34DABDC1BD751AB00EB08C8 /* RNSearchBar.xcodeproj */;
				},
				{
					ProductGroup = C371A2F71BCF0D4000589DFD /* Products */;
					ProjectRef = C371A2F61BCF0D4000589DFD /* RNVectorIcons.xcodeproj */;
				},
			);
			projectRoot = "";
			targets = (
				13B07F861A680F5B00A75B9A /* sproutli */,
				C35B3EA81BCC904E005AB832 /* sproutliUITests */,
				C30968071C8E76960053122A /* SproutliTests */,
				C331A7361C8EE17600C68AA9 /* SproutliUITests */,
			);
		};
/* End PBXProject section */

/* Begin PBXReferenceProxy section */
		00C302AC1ABCB8CE00DB3ED1 /* libRCTActionSheet.a */ = {
			isa = PBXReferenceProxy;
			fileType = archive.ar;
			path = libRCTActionSheet.a;
			remoteRef = 00C302AB1ABCB8CE00DB3ED1 /* PBXContainerItemProxy */;
			sourceTree = BUILT_PRODUCTS_DIR;
		};
		00C302BA1ABCB90400DB3ED1 /* libRCTGeolocation.a */ = {
			isa = PBXReferenceProxy;
			fileType = archive.ar;
			path = libRCTGeolocation.a;
			remoteRef = 00C302B91ABCB90400DB3ED1 /* PBXContainerItemProxy */;
			sourceTree = BUILT_PRODUCTS_DIR;
		};
		00C302C01ABCB91800DB3ED1 /* libRCTImage.a */ = {
			isa = PBXReferenceProxy;
			fileType = archive.ar;
			path = libRCTImage.a;
			remoteRef = 00C302BF1ABCB91800DB3ED1 /* PBXContainerItemProxy */;
			sourceTree = BUILT_PRODUCTS_DIR;
		};
		00C302DC1ABCB9D200DB3ED1 /* libRCTNetwork.a */ = {
			isa = PBXReferenceProxy;
			fileType = archive.ar;
			path = libRCTNetwork.a;
			remoteRef = 00C302DB1ABCB9D200DB3ED1 /* PBXContainerItemProxy */;
			sourceTree = BUILT_PRODUCTS_DIR;
		};
		00C302E41ABCB9EE00DB3ED1 /* libRCTVibration.a */ = {
			isa = PBXReferenceProxy;
			fileType = archive.ar;
			path = libRCTVibration.a;
			remoteRef = 00C302E31ABCB9EE00DB3ED1 /* PBXContainerItemProxy */;
			sourceTree = BUILT_PRODUCTS_DIR;
		};
		139105C11AF99BAD00B5F7CC /* libRCTSettings.a */ = {
			isa = PBXReferenceProxy;
			fileType = archive.ar;
			path = libRCTSettings.a;
			remoteRef = 139105C01AF99BAD00B5F7CC /* PBXContainerItemProxy */;
			sourceTree = BUILT_PRODUCTS_DIR;
		};
		139FDEF41B06529B00C62182 /* libRCTWebSocket.a */ = {
			isa = PBXReferenceProxy;
			fileType = archive.ar;
			path = libRCTWebSocket.a;
			remoteRef = 139FDEF31B06529B00C62182 /* PBXContainerItemProxy */;
			sourceTree = BUILT_PRODUCTS_DIR;
		};
		146834041AC3E56700842450 /* libReact.a */ = {
			isa = PBXReferenceProxy;
			fileType = archive.ar;
			path = libReact.a;
			remoteRef = 146834031AC3E56700842450 /* PBXContainerItemProxy */;
			sourceTree = BUILT_PRODUCTS_DIR;
		};
		78C398B91ACF4ADC00677621 /* libRCTLinking.a */ = {
			isa = PBXReferenceProxy;
			fileType = archive.ar;
			path = libRCTLinking.a;
			remoteRef = 78C398B81ACF4ADC00677621 /* PBXContainerItemProxy */;
			sourceTree = BUILT_PRODUCTS_DIR;
		};
		832341B51AAA6A8300B99B32 /* libRCTText.a */ = {
			isa = PBXReferenceProxy;
			fileType = archive.ar;
			path = libRCTText.a;
			remoteRef = 832341B41AAA6A8300B99B32 /* PBXContainerItemProxy */;
			sourceTree = BUILT_PRODUCTS_DIR;
		};
		C34DABDA1BD7341000EB08C8 /* libBVLinearGradient.a */ = {
			isa = PBXReferenceProxy;
			fileType = archive.ar;
			path = libBVLinearGradient.a;
			remoteRef = C34DABD91BD7341000EB08C8 /* PBXContainerItemProxy */;
			sourceTree = BUILT_PRODUCTS_DIR;
		};
		C34DABE11BD751AC00EB08C8 /* libRNSearchBar.a */ = {
			isa = PBXReferenceProxy;
			fileType = archive.ar;
			path = libRNSearchBar.a;
			remoteRef = C34DABE01BD751AC00EB08C8 /* PBXContainerItemProxy */;
			sourceTree = BUILT_PRODUCTS_DIR;
		};
		C371A2FB1BCF0D4000589DFD /* libRNVectorIcons.a */ = {
			isa = PBXReferenceProxy;
			fileType = archive.ar;
			path = libRNVectorIcons.a;
			remoteRef = C371A2FA1BCF0D4000589DFD /* PBXContainerItemProxy */;
			sourceTree = BUILT_PRODUCTS_DIR;
		};
		C395293C1C91A9F000EE1AD6 /* libRNImagePicker.a */ = {
			isa = PBXReferenceProxy;
			fileType = archive.ar;
			path = libRNImagePicker.a;
			remoteRef = C395293B1C91A9F000EE1AD6 /* PBXContainerItemProxy */;
			sourceTree = BUILT_PRODUCTS_DIR;
		};
		C3986C291C056B1C002B5B3E /* libRNOverlay.a */ = {
			isa = PBXReferenceProxy;
			fileType = archive.ar;
			path = libRNOverlay.a;
			remoteRef = C3986C281C056B1C002B5B3E /* PBXContainerItemProxy */;
			sourceTree = BUILT_PRODUCTS_DIR;
		};
		C3986C311C056C08002B5B3E /* libRNBlur.a */ = {
			isa = PBXReferenceProxy;
			fileType = archive.ar;
			path = libRNBlur.a;
			remoteRef = C3986C301C056C08002B5B3E /* PBXContainerItemProxy */;
			sourceTree = BUILT_PRODUCTS_DIR;
		};
		C3986C4B1C05C219002B5B3E /* libRCTFBSDKShare.a */ = {
			isa = PBXReferenceProxy;
			fileType = archive.ar;
			path = libRCTFBSDKShare.a;
			remoteRef = C3986C4A1C05C219002B5B3E /* PBXContainerItemProxy */;
			sourceTree = BUILT_PRODUCTS_DIR;
		};
		C3986CBF1C068A7A002B5B3E /* libRCTFBSDKLogin.a */ = {
			isa = PBXReferenceProxy;
			fileType = archive.ar;
			path = libRCTFBSDKLogin.a;
			remoteRef = C3986CBE1C068A7A002B5B3E /* PBXContainerItemProxy */;
			sourceTree = BUILT_PRODUCTS_DIR;
		};
		C3986CC61C06B8DB002B5B3E /* libRCTFBSDKCore.a */ = {
			isa = PBXReferenceProxy;
			fileType = archive.ar;
			path = libRCTFBSDKCore.a;
			remoteRef = C3986CC51C06B8DB002B5B3E /* PBXContainerItemProxy */;
			sourceTree = BUILT_PRODUCTS_DIR;
		};
/* End PBXReferenceProxy section */

/* Begin PBXResourcesBuildPhase section */
		13B07F8E1A680F5B00A75B9A /* Resources */ = {
			isa = PBXResourcesBuildPhase;
			buildActionMask = 2147483647;
			files = (
				C371A30C1BCF2D4700589DFD /* Octicons.ttf in Resources */,
				C371A3091BCF2D4700589DFD /* Foundation.ttf in Resources */,
				C371A30A1BCF2D4700589DFD /* Ionicons.ttf in Resources */,
				C371A3061BCF2D4700589DFD /* Entypo.ttf in Resources */,
				13B07FBF1A68108700A75B9A /* Images.xcassets in Resources */,
				C371A30D1BCF2D4700589DFD /* Zocial.ttf in Resources */,
				C371A30B1BCF2D4700589DFD /* MaterialIcons.ttf in Resources */,
				C371A3071BCF2D4700589DFD /* EvilIcons.ttf in Resources */,
				C3642CAA1BF95B45007FC821 /* main.jsbundle in Resources */,
				13B07FBD1A68108700A75B9A /* LaunchScreen.xib in Resources */,
				C371A3081BCF2D4700589DFD /* FontAwesome.ttf in Resources */,
			);
			runOnlyForDeploymentPostprocessing = 0;
		};
		C30968061C8E76960053122A /* Resources */ = {
			isa = PBXResourcesBuildPhase;
			buildActionMask = 2147483647;
			files = (
			);
			runOnlyForDeploymentPostprocessing = 0;
		};
		C331A7351C8EE17600C68AA9 /* Resources */ = {
			isa = PBXResourcesBuildPhase;
			buildActionMask = 2147483647;
			files = (
			);
			runOnlyForDeploymentPostprocessing = 0;
		};
		C35B3EA71BCC904E005AB832 /* Resources */ = {
			isa = PBXResourcesBuildPhase;
			buildActionMask = 2147483647;
			files = (
			);
			runOnlyForDeploymentPostprocessing = 0;
		};
/* End PBXResourcesBuildPhase section */

/* Begin PBXShellScriptBuildPhase section */
		002310C001DC78298EBED17D /* Embed Pods Frameworks */ = {
			isa = PBXShellScriptBuildPhase;
			buildActionMask = 2147483647;
			files = (
			);
			inputPaths = (
			);
			name = "Embed Pods Frameworks";
			outputPaths = (
			);
			runOnlyForDeploymentPostprocessing = 0;
			shellPath = /bin/sh;
			shellScript = "\"${SRCROOT}/Pods/Target Support Files/Pods-sproutli/Pods-sproutli-frameworks.sh\"\n";
			showEnvVarsInLog = 0;
		};
		6D5256BD92E17B20A0582C2F /* Check Pods Manifest.lock */ = {
			isa = PBXShellScriptBuildPhase;
			buildActionMask = 2147483647;
			files = (
			);
			inputPaths = (
			);
			name = "Check Pods Manifest.lock";
			outputPaths = (
			);
			runOnlyForDeploymentPostprocessing = 0;
			shellPath = /bin/sh;
			shellScript = "diff \"${PODS_ROOT}/../Podfile.lock\" \"${PODS_ROOT}/Manifest.lock\" > /dev/null\nif [[ $? != 0 ]] ; then\n    cat << EOM\nerror: The sandbox is not in sync with the Podfile.lock. Run 'pod install' or update your CocoaPods installation.\nEOM\n    exit 1\nfi\n";
			showEnvVarsInLog = 0;
		};
		92AA8476126EDC17CEC624E4 /* Copy Pods Resources */ = {
			isa = PBXShellScriptBuildPhase;
			buildActionMask = 2147483647;
			files = (
			);
			inputPaths = (
			);
			name = "Copy Pods Resources";
			outputPaths = (
			);
			runOnlyForDeploymentPostprocessing = 0;
			shellPath = /bin/sh;
			shellScript = "\"${SRCROOT}/Pods/Target Support Files/Pods-sproutli/Pods-sproutli-resources.sh\"\n";
			showEnvVarsInLog = 0;
		};
/* End PBXShellScriptBuildPhase section */

/* Begin PBXSourcesBuildPhase section */
		13B07F871A680F5B00A75B9A /* Sources */ = {
			isa = PBXSourcesBuildPhase;
			buildActionMask = 2147483647;
			files = (
				13B07FBC1A68108700A75B9A /* AppDelegate.m in Sources */,
				C331A7C41C8FF68200C68AA9 /* AnswersReporter.m in Sources */,
				C34DABEA1BD7824500EB08C8 /* RNGeocoder.m in Sources */,
				C331A7671C8FBB9E00C68AA9 /* CrashlyticsReporter.m in Sources */,
				C3F26AF01C05182400D31B66 /* ImageUploader.m in Sources */,
				C33F3AB11BDA0D2700FF4218 /* IntercomWrapper.m in Sources */,
				13B07FC11A68108700A75B9A /* main.m in Sources */,
			);
			runOnlyForDeploymentPostprocessing = 0;
		};
		C30968041C8E76960053122A /* Sources */ = {
			isa = PBXSourcesBuildPhase;
			buildActionMask = 2147483647;
			files = (
				C30968131C8E76B00053122A /* ImageUploaderTest.m in Sources */,
			);
			runOnlyForDeploymentPostprocessing = 0;
		};
		C331A7331C8EE17600C68AA9 /* Sources */ = {
			isa = PBXSourcesBuildPhase;
			buildActionMask = 2147483647;
			files = (
				C331A73A1C8EE17600C68AA9 /* SproutliUITests.swift in Sources */,
			);
			runOnlyForDeploymentPostprocessing = 0;
		};
		C35B3EA51BCC904E005AB832 /* Sources */ = {
			isa = PBXSourcesBuildPhase;
			buildActionMask = 2147483647;
			files = (
			);
			runOnlyForDeploymentPostprocessing = 0;
		};
/* End PBXSourcesBuildPhase section */

/* Begin PBXTargetDependency section */
		C309680E1C8E76960053122A /* PBXTargetDependency */ = {
			isa = PBXTargetDependency;
			target = 13B07F861A680F5B00A75B9A /* sproutli */;
			targetProxy = C309680D1C8E76960053122A /* PBXContainerItemProxy */;
		};
		C331A73D1C8EE17600C68AA9 /* PBXTargetDependency */ = {
			isa = PBXTargetDependency;
			target = 13B07F861A680F5B00A75B9A /* sproutli */;
			targetProxy = C331A73C1C8EE17600C68AA9 /* PBXContainerItemProxy */;
		};
		C35B3EAF1BCC904E005AB832 /* PBXTargetDependency */ = {
			isa = PBXTargetDependency;
			target = 13B07F861A680F5B00A75B9A /* sproutli */;
			targetProxy = C35B3EAE1BCC904E005AB832 /* PBXContainerItemProxy */;
		};
/* End PBXTargetDependency section */

/* Begin PBXVariantGroup section */
		13B07FB11A68108700A75B9A /* LaunchScreen.xib */ = {
			isa = PBXVariantGroup;
			children = (
				13B07FB21A68108700A75B9A /* Base */,
			);
			name = LaunchScreen.xib;
			path = sproutli;
			sourceTree = "<group>";
		};
/* End PBXVariantGroup section */

/* Begin XCBuildConfiguration section */
		13B07F941A680F5B00A75B9A /* Debug */ = {
			isa = XCBuildConfiguration;
			baseConfigurationReference = 5D6227535814471EADF59280 /* Pods-sproutli.debug.xcconfig */;
			buildSettings = {
				ASSETCATALOG_COMPILER_APPICON_NAME = AppIcon;
				ASSETCATALOG_COMPILER_LAUNCHIMAGE_NAME = LaunchImage;
				CLANG_ENABLE_MODULES = YES;
				CODE_SIGN_IDENTITY = "iPhone Developer";
				"CODE_SIGN_IDENTITY[sdk=iphoneos*]" = "iPhone Developer";
				CURRENT_PROJECT_VERSION = 14;
				DEAD_CODE_STRIPPING = NO;
				FRAMEWORK_SEARCH_PATHS = (
					"$(inherited)",
					"\"~/Development/FacebookSDK\"",
					"\"${PODS_ROOT}/Intercom\"",
				);
				HEADER_SEARCH_PATHS = (
					"$(inherited)",
					/Applications/Xcode.app/Contents/Developer/Toolchains/XcodeDefault.xctoolchain/usr/include,
					"$(SRCROOT)/../node_modules/react-native/React/**",
					"$(SRCROOT)/../node_modules/react-native/Libraries/LinkingIOS/**",
					"\"~/Development/FacebookSDK\"/**",
				);
				INFOPLIST_FILE = sproutli/Info.plist;
				IPHONEOS_DEPLOYMENT_TARGET = 8.0;
				LD_RUNPATH_SEARCH_PATHS = "$(inherited) @executable_path/Frameworks";
				OTHER_LDFLAGS = (
					"-ObjC",
					"$(inherited)",
				);
				PRODUCT_BUNDLE_IDENTIFIER = com.sproutli.app;
				PRODUCT_NAME = Sproutli;
				PROVISIONING_PROFILE = "";
				SWIFT_OPTIMIZATION_LEVEL = "-Onone";
				TARGETED_DEVICE_FAMILY = "1,2";
				VERSIONING_SYSTEM = "apple-generic";
				k = "";
			};
			name = Debug;
		};
		13B07F951A680F5B00A75B9A /* Release */ = {
			isa = XCBuildConfiguration;
			baseConfigurationReference = 1E90897CD3553ACFC8692D42 /* Pods-sproutli.release.xcconfig */;
			buildSettings = {
				ASSETCATALOG_COMPILER_APPICON_NAME = AppIcon;
				ASSETCATALOG_COMPILER_LAUNCHIMAGE_NAME = LaunchImage;
				CLANG_ENABLE_MODULES = YES;
				CODE_SIGN_IDENTITY = "iPhone Developer";
				"CODE_SIGN_IDENTITY[sdk=iphoneos*]" = "iPhone Developer";
				CURRENT_PROJECT_VERSION = 14;
				FRAMEWORK_SEARCH_PATHS = (
					"$(inherited)",
					"\"~/Development/FacebookSDK\"",
					"\"${PODS_ROOT}/Intercom\"",
				);
				HEADER_SEARCH_PATHS = (
					"$(inherited)",
					/Applications/Xcode.app/Contents/Developer/Toolchains/XcodeDefault.xctoolchain/usr/include,
					"$(SRCROOT)/../node_modules/react-native/React/**",
					"$(SRCROOT)/../node_modules/react-native/Libraries/LinkingIOS/**",
					"\"~/Development/FacebookSDK\"/**",
				);
				INFOPLIST_FILE = sproutli/Info.plist;
				IPHONEOS_DEPLOYMENT_TARGET = 8.0;
				LD_RUNPATH_SEARCH_PATHS = "$(inherited) @executable_path/Frameworks";
				OTHER_LDFLAGS = (
					"-ObjC",
					"$(inherited)",
				);
				PRODUCT_BUNDLE_IDENTIFIER = com.sproutli.app;
				PRODUCT_NAME = Sproutli;
				PROVISIONING_PROFILE = "";
				TARGETED_DEVICE_FAMILY = "1,2";
				VERSIONING_SYSTEM = "apple-generic";
				k = "";
			};
			name = Release;
		};
		83CBBA201A601CBA00E9B192 /* Debug */ = {
			isa = XCBuildConfiguration;
			buildSettings = {
				ALWAYS_SEARCH_USER_PATHS = NO;
				CLANG_CXX_LANGUAGE_STANDARD = "gnu++0x";
				CLANG_CXX_LIBRARY = "libc++";
				CLANG_ENABLE_MODULES = YES;
				CLANG_ENABLE_OBJC_ARC = YES;
				CLANG_WARN_BOOL_CONVERSION = YES;
				CLANG_WARN_CONSTANT_CONVERSION = YES;
				CLANG_WARN_DIRECT_OBJC_ISA_USAGE = YES_ERROR;
				CLANG_WARN_EMPTY_BODY = YES;
				CLANG_WARN_ENUM_CONVERSION = YES;
				CLANG_WARN_INFINITE_RECURSION = YES;
				CLANG_WARN_INT_CONVERSION = YES;
				CLANG_WARN_OBJC_ROOT_CLASS = YES_ERROR;
				CLANG_WARN_SUSPICIOUS_MOVE = YES;
				CLANG_WARN_UNREACHABLE_CODE = YES;
				CLANG_WARN__DUPLICATE_METHOD_MATCH = YES;
				"CODE_SIGN_IDENTITY[sdk=iphoneos*]" = "iPhone Developer";
				COPY_PHASE_STRIP = NO;
				ENABLE_STRICT_OBJC_MSGSEND = YES;
				ENABLE_TESTABILITY = YES;
				GCC_C_LANGUAGE_STANDARD = gnu99;
				GCC_DYNAMIC_NO_PIC = NO;
				GCC_NO_COMMON_BLOCKS = YES;
				GCC_OPTIMIZATION_LEVEL = 0;
				GCC_PREPROCESSOR_DEFINITIONS = (
					"DEBUG=1",
					"$(inherited)",
				);
				GCC_SYMBOLS_PRIVATE_EXTERN = NO;
				GCC_WARN_64_TO_32_BIT_CONVERSION = YES;
				GCC_WARN_ABOUT_RETURN_TYPE = YES_ERROR;
				GCC_WARN_UNDECLARED_SELECTOR = YES;
				GCC_WARN_UNINITIALIZED_AUTOS = YES_AGGRESSIVE;
				GCC_WARN_UNUSED_FUNCTION = YES;
				GCC_WARN_UNUSED_VARIABLE = YES;
				HEADER_SEARCH_PATHS = (
					"$(inherited)",
					/Applications/Xcode.app/Contents/Developer/Toolchains/XcodeDefault.xctoolchain/usr/include,
					"$(SRCROOT)/../node_modules/react-native/React/**",
				);
				IPHONEOS_DEPLOYMENT_TARGET = 8.0;
				MTL_ENABLE_DEBUG_INFO = YES;
				ONLY_ACTIVE_ARCH = YES;
				SDKROOT = iphoneos;
			};
			name = Debug;
		};
		83CBBA211A601CBA00E9B192 /* Release */ = {
			isa = XCBuildConfiguration;
			buildSettings = {
				ALWAYS_SEARCH_USER_PATHS = NO;
				CLANG_CXX_LANGUAGE_STANDARD = "gnu++0x";
				CLANG_CXX_LIBRARY = "libc++";
				CLANG_ENABLE_MODULES = YES;
				CLANG_ENABLE_OBJC_ARC = YES;
				CLANG_WARN_BOOL_CONVERSION = YES;
				CLANG_WARN_CONSTANT_CONVERSION = YES;
				CLANG_WARN_DIRECT_OBJC_ISA_USAGE = YES_ERROR;
				CLANG_WARN_EMPTY_BODY = YES;
				CLANG_WARN_ENUM_CONVERSION = YES;
				CLANG_WARN_INFINITE_RECURSION = YES;
				CLANG_WARN_INT_CONVERSION = YES;
				CLANG_WARN_OBJC_ROOT_CLASS = YES_ERROR;
				CLANG_WARN_SUSPICIOUS_MOVE = YES;
				CLANG_WARN_UNREACHABLE_CODE = YES;
				CLANG_WARN__DUPLICATE_METHOD_MATCH = YES;
				"CODE_SIGN_IDENTITY[sdk=iphoneos*]" = "iPhone Developer";
				COPY_PHASE_STRIP = YES;
				ENABLE_NS_ASSERTIONS = NO;
				ENABLE_STRICT_OBJC_MSGSEND = YES;
				GCC_C_LANGUAGE_STANDARD = gnu99;
				GCC_NO_COMMON_BLOCKS = YES;
				GCC_WARN_64_TO_32_BIT_CONVERSION = YES;
				GCC_WARN_ABOUT_RETURN_TYPE = YES_ERROR;
				GCC_WARN_UNDECLARED_SELECTOR = YES;
				GCC_WARN_UNINITIALIZED_AUTOS = YES_AGGRESSIVE;
				GCC_WARN_UNUSED_FUNCTION = YES;
				GCC_WARN_UNUSED_VARIABLE = YES;
				HEADER_SEARCH_PATHS = (
					"$(inherited)",
					/Applications/Xcode.app/Contents/Developer/Toolchains/XcodeDefault.xctoolchain/usr/include,
					"$(SRCROOT)/../node_modules/react-native/React/**",
				);
				IPHONEOS_DEPLOYMENT_TARGET = 8.0;
				MTL_ENABLE_DEBUG_INFO = NO;
				SDKROOT = iphoneos;
				SWIFT_OPTIMIZATION_LEVEL = "-Owholemodule";
				VALIDATE_PRODUCT = YES;
			};
			name = Release;
		};
		C30968101C8E76960053122A /* Debug */ = {
			isa = XCBuildConfiguration;
			buildSettings = {
				BUNDLE_LOADER = "$(TEST_HOST)";
				DEBUG_INFORMATION_FORMAT = dwarf;
				GCC_NO_COMMON_BLOCKS = YES;
				INFOPLIST_FILE = SproutliTests/Info.plist;
				IPHONEOS_DEPLOYMENT_TARGET = 9.2;
				LD_RUNPATH_SEARCH_PATHS = "$(inherited) @executable_path/Frameworks @loader_path/Frameworks";
				PRODUCT_BUNDLE_IDENTIFIER = com.sproutli.SproutliTests;
				PRODUCT_NAME = "$(TARGET_NAME)";
				TEST_HOST = "$(BUILT_PRODUCTS_DIR)/Sproutli.app/Sproutli";
			};
			name = Debug;
		};
		C30968111C8E76960053122A /* Release */ = {
			isa = XCBuildConfiguration;
			buildSettings = {
				BUNDLE_LOADER = "$(TEST_HOST)";
				COPY_PHASE_STRIP = NO;
				DEBUG_INFORMATION_FORMAT = "dwarf-with-dsym";
				GCC_NO_COMMON_BLOCKS = YES;
				INFOPLIST_FILE = SproutliTests/Info.plist;
				IPHONEOS_DEPLOYMENT_TARGET = 9.2;
				LD_RUNPATH_SEARCH_PATHS = "$(inherited) @executable_path/Frameworks @loader_path/Frameworks";
				PRODUCT_BUNDLE_IDENTIFIER = com.sproutli.SproutliTests;
				PRODUCT_NAME = "$(TARGET_NAME)";
				TEST_HOST = "$(BUILT_PRODUCTS_DIR)/Sproutli.app/Sproutli";
			};
			name = Release;
		};
		C331A73F1C8EE17600C68AA9 /* Debug */ = {
			isa = XCBuildConfiguration;
			buildSettings = {
				DEBUG_INFORMATION_FORMAT = dwarf;
				GCC_NO_COMMON_BLOCKS = YES;
				INFOPLIST_FILE = SproutliUITests/Info.plist;
				IPHONEOS_DEPLOYMENT_TARGET = 9.2;
				LD_RUNPATH_SEARCH_PATHS = "$(inherited) @executable_path/Frameworks @loader_path/Frameworks";
				PRODUCT_BUNDLE_IDENTIFIER = com.sproutli.SproutliUITests;
				PRODUCT_NAME = "$(TARGET_NAME)";
				SWIFT_OPTIMIZATION_LEVEL = "-Onone";
				TEST_TARGET_NAME = sproutli;
				USES_XCTRUNNER = YES;
			};
			name = Debug;
		};
		C331A7401C8EE17600C68AA9 /* Release */ = {
			isa = XCBuildConfiguration;
			buildSettings = {
				COPY_PHASE_STRIP = NO;
				DEBUG_INFORMATION_FORMAT = "dwarf-with-dsym";
				GCC_NO_COMMON_BLOCKS = YES;
				INFOPLIST_FILE = SproutliUITests/Info.plist;
				IPHONEOS_DEPLOYMENT_TARGET = 9.2;
				LD_RUNPATH_SEARCH_PATHS = "$(inherited) @executable_path/Frameworks @loader_path/Frameworks";
				PRODUCT_BUNDLE_IDENTIFIER = com.sproutli.SproutliUITests;
				PRODUCT_NAME = "$(TARGET_NAME)";
				TEST_TARGET_NAME = sproutli;
				USES_XCTRUNNER = YES;
			};
			name = Release;
		};
		C35B3EB01BCC904E005AB832 /* Debug */ = {
			isa = XCBuildConfiguration;
			buildSettings = {
				CLANG_ENABLE_MODULES = YES;
				DEBUG_INFORMATION_FORMAT = dwarf;
				ENABLE_TESTABILITY = YES;
				GCC_NO_COMMON_BLOCKS = YES;
				INFOPLIST_FILE = sproutliUITests/Info.plist;
				IPHONEOS_DEPLOYMENT_TARGET = 9.0;
				LD_RUNPATH_SEARCH_PATHS = "$(inherited) @executable_path/Frameworks @loader_path/Frameworks";
				PRODUCT_BUNDLE_IDENTIFIER = com.kanerogers.sproutliUITests;
				PRODUCT_NAME = Sproutli;
				SWIFT_OBJC_BRIDGING_HEADER = "sproutliUITests-Bridging-Header.h";
				SWIFT_OPTIMIZATION_LEVEL = "-Onone";
				TEST_TARGET_NAME = sproutli;
				USES_XCTRUNNER = YES;
			};
			name = Debug;
		};
		C35B3EB11BCC904E005AB832 /* Release */ = {
			isa = XCBuildConfiguration;
			buildSettings = {
				CLANG_ENABLE_MODULES = YES;
				COPY_PHASE_STRIP = NO;
				DEBUG_INFORMATION_FORMAT = "dwarf-with-dsym";
				GCC_NO_COMMON_BLOCKS = YES;
				INFOPLIST_FILE = sproutliUITests/Info.plist;
				IPHONEOS_DEPLOYMENT_TARGET = 9.0;
				LD_RUNPATH_SEARCH_PATHS = "$(inherited) @executable_path/Frameworks @loader_path/Frameworks";
				PRODUCT_BUNDLE_IDENTIFIER = com.kanerogers.sproutliUITests;
				PRODUCT_NAME = Sproutli;
				SWIFT_OBJC_BRIDGING_HEADER = "sproutliUITests-Bridging-Header.h";
				TEST_TARGET_NAME = sproutli;
				USES_XCTRUNNER = YES;
			};
			name = Release;
		};
/* End XCBuildConfiguration section */

/* Begin XCConfigurationList section */
		13B07F931A680F5B00A75B9A /* Build configuration list for PBXNativeTarget "sproutli" */ = {
			isa = XCConfigurationList;
			buildConfigurations = (
				13B07F941A680F5B00A75B9A /* Debug */,
				13B07F951A680F5B00A75B9A /* Release */,
			);
			defaultConfigurationIsVisible = 0;
			defaultConfigurationName = Release;
		};
		83CBB9FA1A601CBA00E9B192 /* Build configuration list for PBXProject "Sproutli" */ = {
			isa = XCConfigurationList;
			buildConfigurations = (
				83CBBA201A601CBA00E9B192 /* Debug */,
				83CBBA211A601CBA00E9B192 /* Release */,
			);
			defaultConfigurationIsVisible = 0;
			defaultConfigurationName = Release;
		};
		C309680F1C8E76960053122A /* Build configuration list for PBXNativeTarget "SproutliTests" */ = {
			isa = XCConfigurationList;
			buildConfigurations = (
				C30968101C8E76960053122A /* Debug */,
				C30968111C8E76960053122A /* Release */,
			);
			defaultConfigurationIsVisible = 0;
			defaultConfigurationName = Release;
		};
		C331A73E1C8EE17600C68AA9 /* Build configuration list for PBXNativeTarget "SproutliUITests" */ = {
			isa = XCConfigurationList;
			buildConfigurations = (
				C331A73F1C8EE17600C68AA9 /* Debug */,
				C331A7401C8EE17600C68AA9 /* Release */,
			);
			defaultConfigurationIsVisible = 0;
			defaultConfigurationName = Release;
		};
		C35B3EBC1BCC904E005AB832 /* Build configuration list for PBXNativeTarget "sproutliUITests" */ = {
			isa = XCConfigurationList;
			buildConfigurations = (
				C35B3EB01BCC904E005AB832 /* Debug */,
				C35B3EB11BCC904E005AB832 /* Release */,
			);
			defaultConfigurationIsVisible = 0;
			defaultConfigurationName = Release;
		};
/* End XCConfigurationList section */
	};
	rootObject = 83CBB9F71A601CBA00E9B192 /* Project object */;
}
